
Microsoft Visual Studio Solution File, Format Version 12.00
# Visual Studio Version 17
VisualStudioVersion = 17.10.35013.160
MinimumVisualStudioVersion = 10.0.40219.1
Project("{9A19103F-16F7-4668-BE54-9A1E7A4F7556}") = "AppRevendedores", "AppRevendedores\AppRevendedores.csproj", "{5D83012B-D78B-4CD6-BEB4-6C7A2DBEA59E}"
EndProject
Project("{E53339B2-1760-4266-BCC7-CA923CBCF16C}") = "docker-compose", "docker-compose.dcproj", "{00DDE9B4-EDCD-474C-B4A4-F6D5EF9FB2B5}"
EndProject
Global
	GlobalSection(SolutionConfigurationPlatforms) = preSolution
		Debug|Any CPU = Debug|Any CPU
		Release|Any CPU = Release|Any CPU
	EndGlobalSection
	GlobalSection(ProjectConfigurationPlatforms) = postSolution
		{5D83012B-D78B-4CD6-BEB4-6C7A2DBEA59E}.Debug|Any CPU.ActiveCfg = Debug|Any CPU
		{5D83012B-D78B-4CD6-BEB4-6C7A2DBEA59E}.Debug|Any CPU.Build.0 = Debug|Any CPU
		{5D83012B-D78B-4CD6-BEB4-6C7A2DBEA59E}.Release|Any CPU.ActiveCfg = Release|Any CPU
		{5D83012B-D78B-4CD6-BEB4-6C7A2DBEA59E}.Release|Any CPU.Build.0 = Release|Any CPU
		{00DDE9B4-EDCD-474C-B4A4-F6D5EF9FB2B5}.Debug|Any CPU.ActiveCfg = Debug|Any CPU
		{00DDE9B4-EDCD-474C-B4A4-F6D5EF9FB2B5}.Debug|Any CPU.Build.0 = Debug|Any CPU
		{00DDE9B4-EDCD-474C-B4A4-F6D5EF9FB2B5}.Release|Any CPU.ActiveCfg = Release|Any CPU
		{00DDE9B4-EDCD-474C-B4A4-F6D5EF9FB2B5}.Release|Any CPU.Build.0 = Release|Any CPU
	EndGlobalSection
	GlobalSection(SolutionProperties) = preSolution
		HideSolutionNode = FALSE
	EndGlobalSection
	GlobalSection(ExtensibilityGlobals) = postSolution
		SolutionGuid = {3E218847-F332-4C63-8B3E-C5D306AF1965}
	EndGlobalSection
EndGlobal
